
Microsoft Visual Studio Solution File, Format Version 12.00
# Visual Studio Version 16
VisualStudioVersion = 16.0.29806.167
MinimumVisualStudioVersion = 10.0.40219.1
Project("{FAE04EC0-301F-11D3-BF4B-00C04F79EFBC}") = "OnlineHelpSystem", "OnlineHelpSystem\OnlineHelpSystem.csproj", "{DB939EE7-DCC5-4D10-ABA1-BC5DB64F72B6}"
EndProject
Global
	GlobalSection(SolutionConfigurationPlatforms) = preSolution
		Debug|Any CPU = Debug|Any CPU
		Release|Any CPU = Release|Any CPU
	EndGlobalSection
	GlobalSection(ProjectConfigurationPlatforms) = postSolution
		{DB939EE7-DCC5-4D10-ABA1-BC5DB64F72B6}.Debug|Any CPU.ActiveCfg = Debug|Any CPU
		{DB939EE7-DCC5-4D10-ABA1-BC5DB64F72B6}.Debug|Any CPU.Build.0 = Debug|Any CPU
		{DB939EE7-DCC5-4D10-ABA1-BC5DB64F72B6}.Release|Any CPU.ActiveCfg = Release|Any CPU
		{DB939EE7-DCC5-4D10-ABA1-BC5DB64F72B6}.Release|Any CPU.Build.0 = Release|Any CPU
	EndGlobalSection
	GlobalSection(SolutionProperties) = preSolution
		HideSolutionNode = FALSE
	EndGlobalSection
	GlobalSection(ExtensibilityGlobals) = postSolution
		SolutionGuid = {A94E938F-4F5C-4B48-AE11-67331C815D3C}
	EndGlobalSection
EndGlobal
